
Microsoft Visual Studio Solution File, Format Version 12.00
# Visual Studio Version 17
VisualStudioVersion = 17.2.32630.192
MinimumVisualStudioVersion = 10.0.40219.1
Project("{9A19103F-16F7-4668-BE54-9A1E7A4F7556}") = "Image View", "Image View\Image View.csproj", "{BBF3D8F6-84BD-4CD9-90C6-8223FDE3C025}"
EndProject
Project("{2150E333-8FDC-42A3-9474-1A3956D46DE8}") = "Solution Items", "Solution Items", "{777DEDBC-B144-48D3-BC70-6103FE454737}"
	ProjectSection(SolutionItems) = preProject
		.gitignore = .gitignore
		README.md = README.md
	EndProjectSection
EndProject
Global
	GlobalSection(SolutionConfigurationPlatforms) = preSolution
		Debug|Any CPU = Debug|Any CPU
		Release|Any CPU = Release|Any CPU
	EndGlobalSection
	GlobalSection(ProjectConfigurationPlatforms) = postSolution
		{BBF3D8F6-84BD-4CD9-90C6-8223FDE3C025}.Debug|Any CPU.ActiveCfg = Debug|Any CPU
		{BBF3D8F6-84BD-4CD9-90C6-8223FDE3C025}.Debug|Any CPU.Build.0 = Debug|Any CPU
		{BBF3D8F6-84BD-4CD9-90C6-8223FDE3C025}.Release|Any CPU.ActiveCfg = Release|Any CPU
		{BBF3D8F6-84BD-4CD9-90C6-8223FDE3C025}.Release|Any CPU.Build.0 = Release|Any CPU
	EndGlobalSection
	GlobalSection(SolutionProperties) = preSolution
		HideSolutionNode = FALSE
	EndGlobalSection
	GlobalSection(ExtensibilityGlobals) = postSolution
		SolutionGuid = {60AAEA98-F73C-4B49-A316-6192BEDADE78}
	EndGlobalSection
EndGlobal
